
Microsoft Visual Studio Solution File, Format Version 12.00
# Visual Studio Version 16
VisualStudioVersion = 16.0.29424.173
MinimumVisualStudioVersion = 10.0.40219.1
Project("{FAE04EC0-301F-11D3-BF4B-00C04F79EFBC}") = "NezarkaBookstoreWeb", "NezarkaBookstoreWeb\NezarkaBookstoreWeb.csproj", "{06DA3411-4500-471E-BEB8-B2690F720B2A}"
EndProject
Project("{FAE04EC0-301F-11D3-BF4B-00C04F79EFBC}") = "JumpingPlatformGame", "..\..\01-Physics-kostra\01-Physics-kostra\JumpingPlatformGame\JumpingPlatformGame\JumpingPlatformGame.csproj", "{2C7763AB-F02B-4FA3-BC51-58977CF45488}"
EndProject
Global
	GlobalSection(SolutionConfigurationPlatforms) = preSolution
		Debug|Any CPU = Debug|Any CPU
		Release|Any CPU = Release|Any CPU
	EndGlobalSection
	GlobalSection(ProjectConfigurationPlatforms) = postSolution
		{06DA3411-4500-471E-BEB8-B2690F720B2A}.Debug|Any CPU.ActiveCfg = Debug|Any CPU
		{06DA3411-4500-471E-BEB8-B2690F720B2A}.Debug|Any CPU.Build.0 = Debug|Any CPU
		{06DA3411-4500-471E-BEB8-B2690F720B2A}.Release|Any CPU.ActiveCfg = Release|Any CPU
		{06DA3411-4500-471E-BEB8-B2690F720B2A}.Release|Any CPU.Build.0 = Release|Any CPU
		{2C7763AB-F02B-4FA3-BC51-58977CF45488}.Debug|Any CPU.ActiveCfg = Debug|Any CPU
		{2C7763AB-F02B-4FA3-BC51-58977CF45488}.Debug|Any CPU.Build.0 = Debug|Any CPU
		{2C7763AB-F02B-4FA3-BC51-58977CF45488}.Release|Any CPU.ActiveCfg = Release|Any CPU
		{2C7763AB-F02B-4FA3-BC51-58977CF45488}.Release|Any CPU.Build.0 = Release|Any CPU
	EndGlobalSection
	GlobalSection(SolutionProperties) = preSolution
		HideSolutionNode = FALSE
	EndGlobalSection
	GlobalSection(ExtensibilityGlobals) = postSolution
		SolutionGuid = {9E9CA6F1-CC39-4088-9B6C-8E3F296F105A}
	EndGlobalSection
EndGlobal
